
Microsoft Visual Studio Solution File, Format Version 12.00
# Visual Studio Version 17
VisualStudioVersion = 17.14.36518.9 d17.14
MinimumVisualStudioVersion = 10.0.40219.1
Project("{FAE04EC0-301F-11D3-BF4B-00C04F79EFBC}") = "Task Manager GUI", "Task Manager GUI.csproj", "{FBCDB8A8-EC06-4604-962C-50F7D5806892}"
EndProject
Global
	GlobalSection(SolutionConfigurationPlatforms) = preSolution
		Debug|Any CPU = Debug|Any CPU
		Release|Any CPU = Release|Any CPU
	EndGlobalSection
	GlobalSection(ProjectConfigurationPlatforms) = postSolution
		{FBCDB8A8-EC06-4604-962C-50F7D5806892}.Debug|Any CPU.ActiveCfg = Debug|Any CPU
		{FBCDB8A8-EC06-4604-962C-50F7D5806892}.Debug|Any CPU.Build.0 = Debug|Any CPU
		{FBCDB8A8-EC06-4604-962C-50F7D5806892}.Release|Any CPU.ActiveCfg = Release|Any CPU
		{FBCDB8A8-EC06-4604-962C-50F7D5806892}.Release|Any CPU.Build.0 = Release|Any CPU
	EndGlobalSection
	GlobalSection(SolutionProperties) = preSolution
		HideSolutionNode = FALSE
	EndGlobalSection
	GlobalSection(ExtensibilityGlobals) = postSolution
		SolutionGuid = {27404AEB-0728-4253-B288-A88460A09795}
	EndGlobalSection
EndGlobal
